
Microsoft Visual Studio Solution File, Format Version 12.00
# Visual Studio Version 17
VisualStudioVersion = 17.7.34031.279
MinimumVisualStudioVersion = 10.0.40219.1
Project("{FAE04EC0-301F-11D3-BF4B-00C04F79EFBC}") = "RPCServer", "RPCServer\RPCServer.csproj", "{FBAA7A74-A6E1-4B0B-9144-C1548F546D13}"
EndProject
Project("{FAE04EC0-301F-11D3-BF4B-00C04F79EFBC}") = "RPCClient", "RPCClient\RPCClient.csproj", "{BEF39850-7873-4DA6-AA44-5F6DC1469B41}"
EndProject
Global
	GlobalSection(SolutionConfigurationPlatforms) = preSolution
		Debug|Any CPU = Debug|Any CPU
		Release|Any CPU = Release|Any CPU
	EndGlobalSection
	GlobalSection(ProjectConfigurationPlatforms) = postSolution
		{FBAA7A74-A6E1-4B0B-9144-C1548F546D13}.Debug|Any CPU.ActiveCfg = Debug|Any CPU
		{FBAA7A74-A6E1-4B0B-9144-C1548F546D13}.Debug|Any CPU.Build.0 = Debug|Any CPU
		{FBAA7A74-A6E1-4B0B-9144-C1548F546D13}.Release|Any CPU.ActiveCfg = Release|Any CPU
		{FBAA7A74-A6E1-4B0B-9144-C1548F546D13}.Release|Any CPU.Build.0 = Release|Any CPU
		{BEF39850-7873-4DA6-AA44-5F6DC1469B41}.Debug|Any CPU.ActiveCfg = Debug|Any CPU
		{BEF39850-7873-4DA6-AA44-5F6DC1469B41}.Debug|Any CPU.Build.0 = Debug|Any CPU
		{BEF39850-7873-4DA6-AA44-5F6DC1469B41}.Release|Any CPU.ActiveCfg = Release|Any CPU
		{BEF39850-7873-4DA6-AA44-5F6DC1469B41}.Release|Any CPU.Build.0 = Release|Any CPU
	EndGlobalSection
	GlobalSection(SolutionProperties) = preSolution
		HideSolutionNode = FALSE
	EndGlobalSection
	GlobalSection(ExtensibilityGlobals) = postSolution
		SolutionGuid = {8C02EC3D-B1A9-45D6-A170-22E86C53B4D0}
	EndGlobalSection
EndGlobal
